
Microsoft Visual Studio Solution File, Format Version 11.00
# Visual Studio 2010
Project("{FAE04EC0-301F-11D3-BF4B-00C04F79EFBC}") = "Server", "Server\Server\Server.csproj", "{2F7C6EFE-0AF3-4EC0-BA8B-83402163B55E}"
EndProject
Project("{96E2B04D-8817-42C6-938A-82C39BA4D311}") = "ServerContent", "Server\ServerContent\ServerContent.contentproj", "{6C50673F-9FA4-481D-BCF0-06F2A49FC074}"
EndProject
Project("{FAE04EC0-301F-11D3-BF4B-00C04F79EFBC}") = "Client", "Client\Client\Client.csproj", "{6556BC22-BE14-4D17-A273-94BE286005B1}"
EndProject
Project("{96E2B04D-8817-42C6-938A-82C39BA4D311}") = "ClientContent", "Client\ClientContent\ClientContent.contentproj", "{4D38BC74-DDA3-4F01-96CA-06A6AF1C4715}"
EndProject
Global
	GlobalSection(SolutionConfigurationPlatforms) = preSolution
		Debug|x86 = Debug|x86
		Release|x86 = Release|x86
	EndGlobalSection
	GlobalSection(ProjectConfigurationPlatforms) = postSolution
		{2F7C6EFE-0AF3-4EC0-BA8B-83402163B55E}.Debug|x86.ActiveCfg = Debug|x86
		{2F7C6EFE-0AF3-4EC0-BA8B-83402163B55E}.Debug|x86.Build.0 = Debug|x86
		{2F7C6EFE-0AF3-4EC0-BA8B-83402163B55E}.Release|x86.ActiveCfg = Release|x86
		{2F7C6EFE-0AF3-4EC0-BA8B-83402163B55E}.Release|x86.Build.0 = Release|x86
		{6C50673F-9FA4-481D-BCF0-06F2A49FC074}.Debug|x86.ActiveCfg = Debug|x86
		{6C50673F-9FA4-481D-BCF0-06F2A49FC074}.Release|x86.ActiveCfg = Release|x86
		{6556BC22-BE14-4D17-A273-94BE286005B1}.Debug|x86.ActiveCfg = Debug|x86
		{6556BC22-BE14-4D17-A273-94BE286005B1}.Debug|x86.Build.0 = Debug|x86
		{6556BC22-BE14-4D17-A273-94BE286005B1}.Release|x86.ActiveCfg = Release|x86
		{6556BC22-BE14-4D17-A273-94BE286005B1}.Release|x86.Build.0 = Release|x86
		{4D38BC74-DDA3-4F01-96CA-06A6AF1C4715}.Debug|x86.ActiveCfg = Debug|x86
		{4D38BC74-DDA3-4F01-96CA-06A6AF1C4715}.Release|x86.ActiveCfg = Release|x86
	EndGlobalSection
	GlobalSection(SolutionProperties) = preSolution
		HideSolutionNode = FALSE
	EndGlobalSection
EndGlobal
